
Microsoft Visual Studio Solution File, Format Version 12.00
# Visual Studio 14
VisualStudioVersion = 14.0.25420.1
MinimumVisualStudioVersion = 10.0.40219.1
Project("{FAE04EC0-301F-11D3-BF4B-00C04F79EFBC}") = "LoginForm", "LoginForm\LoginForm.csproj", "{9B26DAE9-38B4-4C27-A3D1-14E50C6C4C84}"
EndProject
Global
	GlobalSection(SolutionConfigurationPlatforms) = preSolution
		Debug|Any CPU = Debug|Any CPU
		Release|Any CPU = Release|Any CPU
	EndGlobalSection
	GlobalSection(ProjectConfigurationPlatforms) = postSolution
		{9B26DAE9-38B4-4C27-A3D1-14E50C6C4C84}.Debug|Any CPU.ActiveCfg = Debug|Any CPU
		{9B26DAE9-38B4-4C27-A3D1-14E50C6C4C84}.Debug|Any CPU.Build.0 = Debug|Any CPU
		{9B26DAE9-38B4-4C27-A3D1-14E50C6C4C84}.Release|Any CPU.ActiveCfg = Release|Any CPU
		{9B26DAE9-38B4-4C27-A3D1-14E50C6C4C84}.Release|Any CPU.Build.0 = Release|Any CPU
	EndGlobalSection
	GlobalSection(SolutionProperties) = preSolution
		HideSolutionNode = FALSE
	EndGlobalSection
EndGlobal
